Microsoft Visual Studio Solution File, Format Version 12.00
# Visual Studio 2012
Project("{FAE04EC0-301F-11D3-BF4B-00C04F79EFBC}") = "PinCushion", "PinCushion\PinCushion.csproj", "{4699CE6C-462D-4195-9987-80204BA96556}"
EndProject
Global
	GlobalSection(SolutionConfigurationPlatforms) = preSolution
		dotNET|Any CPU = dotNET|Any CPU
		dotNET64|x64 = dotNET64|x64
		Mono|Any CPU = Mono|Any CPU
		Mono64|x64 = Mono64|x64
	EndGlobalSection
	GlobalSection(ProjectConfigurationPlatforms) = postSolution
		{4699CE6C-462D-4195-9987-80204BA96556}.Mono|Any CPU.ActiveCfg = Mono|Any CPU
		{4699CE6C-462D-4195-9987-80204BA96556}.Mono|Any CPU.Build.0 = Mono|Any CPU
		{4699CE6C-462D-4195-9987-80204BA96556}.Mono64|x64.ActiveCfg = Mono64|x64
		{4699CE6C-462D-4195-9987-80204BA96556}.Mono64|x64.Build.0 = Mono64|x64
		{4699CE6C-462D-4195-9987-80204BA96556}.dotNET|Any CPU.ActiveCfg = dotNET|Any CPU
		{4699CE6C-462D-4195-9987-80204BA96556}.dotNET|Any CPU.Build.0 = dotNET|Any CPU
                {4699CE6C-462D-4195-9987-80204BA96556}.dotNET64|x64.ActiveCfg = dotNET64|x64
                {4699CE6C-462D-4195-9987-80204BA96556}.dotNET64|x64.Build.0 = dotNET64|x64
	EndGlobalSection
	GlobalSection(MonoDevelopProperties) = preSolution
		StartupItem = PinCushion\PinCushion.csproj
	EndGlobalSection
	GlobalSection(SolutionProperties) = preSolution
		HideSolutionNode = FALSE
	EndGlobalSection
EndGlobal
